
Microsoft Visual Studio Solution File, Format Version 12.00
# Visual Studio Version 17
VisualStudioVersion = 17.8.34525.116
MinimumVisualStudioVersion = 10.0.40219.1
Project("{8BC9CEB8-8B4A-11D0-8D11-00A0C91BC942}") = "S24_Caleb_Perez", "S24_Caleb_Perez\S24_Caleb_Perez.vcxproj", "{DF00824A-2644-433A-8D2D-DFD4A7EB23E8}"
EndProject
Project("{8BC9CEB8-8B4A-11D0-8D11-00A0C91BC942}") = "disUnity", "disUnity\disUnity.vcxproj", "{999AFC76-FE02-4414-9EE6-AEC7755B7B1A}"
EndProject
Project("{8BC9CEB8-8B4A-11D0-8D11-00A0C91BC942}") = "glfw", "glfw_build\src\glfw.vcxproj", "{9913F3D0-A073-3D76-AA30-CD2C17338F53}"
EndProject
Project("{8BC9CEB8-8B4A-11D0-8D11-00A0C91BC942}") = "glad", "glad\glad.vcxproj", "{60972BBF-6CF3-40B3-B8E8-0DEAFEFBCD2C}"
EndProject
Project("{8BC9CEB8-8B4A-11D0-8D11-00A0C91BC942}") = "stbi", "stbi\stbi.vcxproj", "{E79A1B40-F873-4187-9C44-B602D748DBF0}"
EndProject
Global
	GlobalSection(SolutionConfigurationPlatforms) = preSolution
		Debug|x64 = Debug|x64
		Debug|x86 = Debug|x86
		MinSizeRel|x64 = MinSizeRel|x64
		MinSizeRel|x86 = MinSizeRel|x86
		Release|x64 = Release|x64
		Release|x86 = Release|x86
		RelWithDebInfo|x64 = RelWithDebInfo|x64
		RelWithDebInfo|x86 = RelWithDebInfo|x86
	EndGlobalSection
	GlobalSection(ProjectConfigurationPlatforms) = postSolution
		{DF00824A-2644-433A-8D2D-DFD4A7EB23E8}.Debug|x64.ActiveCfg = Debug|x64
		{DF00824A-2644-433A-8D2D-DFD4A7EB23E8}.Debug|x64.Build.0 = Debug|x64
		{DF00824A-2644-433A-8D2D-DFD4A7EB23E8}.Debug|x86.ActiveCfg = Debug|Win32
		{DF00824A-2644-433A-8D2D-DFD4A7EB23E8}.Debug|x86.Build.0 = Debug|Win32
		{DF00824A-2644-433A-8D2D-DFD4A7EB23E8}.MinSizeRel|x64.ActiveCfg = Release|x64
		{DF00824A-2644-433A-8D2D-DFD4A7EB23E8}.MinSizeRel|x64.Build.0 = Release|x64
		{DF00824A-2644-433A-8D2D-DFD4A7EB23E8}.MinSizeRel|x86.ActiveCfg = Debug|Win32
		{DF00824A-2644-433A-8D2D-DFD4A7EB23E8}.MinSizeRel|x86.Build.0 = Debug|Win32
		{DF00824A-2644-433A-8D2D-DFD4A7EB23E8}.Release|x64.ActiveCfg = Release|x64
		{DF00824A-2644-433A-8D2D-DFD4A7EB23E8}.Release|x64.Build.0 = Release|x64
		{DF00824A-2644-433A-8D2D-DFD4A7EB23E8}.Release|x86.ActiveCfg = Release|Win32
		{DF00824A-2644-433A-8D2D-DFD4A7EB23E8}.Release|x86.Build.0 = Release|Win32
		{DF00824A-2644-433A-8D2D-DFD4A7EB23E8}.RelWithDebInfo|x64.ActiveCfg = Release|x64
		{DF00824A-2644-433A-8D2D-DFD4A7EB23E8}.RelWithDebInfo|x64.Build.0 = Release|x64
		{DF00824A-2644-433A-8D2D-DFD4A7EB23E8}.RelWithDebInfo|x86.ActiveCfg = Release|Win32
		{DF00824A-2644-433A-8D2D-DFD4A7EB23E8}.RelWithDebInfo|x86.Build.0 = Release|Win32
		{999AFC76-FE02-4414-9EE6-AEC7755B7B1A}.Debug|x64.ActiveCfg = Debug|x64
		{999AFC76-FE02-4414-9EE6-AEC7755B7B1A}.Debug|x64.Build.0 = Debug|x64
		{999AFC76-FE02-4414-9EE6-AEC7755B7B1A}.Debug|x86.ActiveCfg = Debug|Win32
		{999AFC76-FE02-4414-9EE6-AEC7755B7B1A}.Debug|x86.Build.0 = Debug|Win32
		{999AFC76-FE02-4414-9EE6-AEC7755B7B1A}.MinSizeRel|x64.ActiveCfg = Release|x64
		{999AFC76-FE02-4414-9EE6-AEC7755B7B1A}.MinSizeRel|x64.Build.0 = Release|x64
		{999AFC76-FE02-4414-9EE6-AEC7755B7B1A}.MinSizeRel|x86.ActiveCfg = Debug|Win32
		{999AFC76-FE02-4414-9EE6-AEC7755B7B1A}.MinSizeRel|x86.Build.0 = Debug|Win32
		{999AFC76-FE02-4414-9EE6-AEC7755B7B1A}.Release|x64.ActiveCfg = Release|x64
		{999AFC76-FE02-4414-9EE6-AEC7755B7B1A}.Release|x64.Build.0 = Release|x64
		{999AFC76-FE02-4414-9EE6-AEC7755B7B1A}.Release|x86.ActiveCfg = Release|Win32
		{999AFC76-FE02-4414-9EE6-AEC7755B7B1A}.Release|x86.Build.0 = Release|Win32
		{999AFC76-FE02-4414-9EE6-AEC7755B7B1A}.RelWithDebInfo|x64.ActiveCfg = Release|x64
		{999AFC76-FE02-4414-9EE6-AEC7755B7B1A}.RelWithDebInfo|x64.Build.0 = Release|x64
		{999AFC76-FE02-4414-9EE6-AEC7755B7B1A}.RelWithDebInfo|x86.ActiveCfg = Release|Win32
		{999AFC76-FE02-4414-9EE6-AEC7755B7B1A}.RelWithDebInfo|x86.Build.0 = Release|Win32
		{9913F3D0-A073-3D76-AA30-CD2C17338F53}.Debug|x64.ActiveCfg = Debug|x64
		{9913F3D0-A073-3D76-AA30-CD2C17338F53}.Debug|x64.Build.0 = Debug|x64
		{9913F3D0-A073-3D76-AA30-CD2C17338F53}.Debug|x86.ActiveCfg = Debug|x64
		{9913F3D0-A073-3D76-AA30-CD2C17338F53}.Debug|x86.Build.0 = Debug|x64
		{9913F3D0-A073-3D76-AA30-CD2C17338F53}.MinSizeRel|x64.ActiveCfg = MinSizeRel|x64
		{9913F3D0-A073-3D76-AA30-CD2C17338F53}.MinSizeRel|x64.Build.0 = MinSizeRel|x64
		{9913F3D0-A073-3D76-AA30-CD2C17338F53}.MinSizeRel|x86.ActiveCfg = MinSizeRel|x64
		{9913F3D0-A073-3D76-AA30-CD2C17338F53}.MinSizeRel|x86.Build.0 = MinSizeRel|x64
		{9913F3D0-A073-3D76-AA30-CD2C17338F53}.Release|x64.ActiveCfg = Release|x64
		{9913F3D0-A073-3D76-AA30-CD2C17338F53}.Release|x64.Build.0 = Release|x64
		{9913F3D0-A073-3D76-AA30-CD2C17338F53}.Release|x86.ActiveCfg = Release|x64
		{9913F3D0-A073-3D76-AA30-CD2C17338F53}.Release|x86.Build.0 = Release|x64
		{9913F3D0-A073-3D76-AA30-CD2C17338F53}.RelWithDebInfo|x64.ActiveCfg = RelWithDebInfo|x64
		{9913F3D0-A073-3D76-AA30-CD2C17338F53}.RelWithDebInfo|x64.Build.0 = RelWithDebInfo|x64
		{9913F3D0-A073-3D76-AA30-CD2C17338F53}.RelWithDebInfo|x86.ActiveCfg = RelWithDebInfo|x64
		{9913F3D0-A073-3D76-AA30-CD2C17338F53}.RelWithDebInfo|x86.Build.0 = RelWithDebInfo|x64
		{60972BBF-6CF3-40B3-B8E8-0DEAFEFBCD2C}.Debug|x64.ActiveCfg = Debug|x64
		{60972BBF-6CF3-40B3-B8E8-0DEAFEFBCD2C}.Debug|x64.Build.0 = Debug|x64
		{60972BBF-6CF3-40B3-B8E8-0DEAFEFBCD2C}.Debug|x86.ActiveCfg = Debug|Win32
		{60972BBF-6CF3-40B3-B8E8-0DEAFEFBCD2C}.Debug|x86.Build.0 = Debug|Win32
		{60972BBF-6CF3-40B3-B8E8-0DEAFEFBCD2C}.MinSizeRel|x64.ActiveCfg = Debug|x64
		{60972BBF-6CF3-40B3-B8E8-0DEAFEFBCD2C}.MinSizeRel|x64.Build.0 = Debug|x64
		{60972BBF-6CF3-40B3-B8E8-0DEAFEFBCD2C}.MinSizeRel|x86.ActiveCfg = Debug|Win32
		{60972BBF-6CF3-40B3-B8E8-0DEAFEFBCD2C}.MinSizeRel|x86.Build.0 = Debug|Win32
		{60972BBF-6CF3-40B3-B8E8-0DEAFEFBCD2C}.Release|x64.ActiveCfg = Release|x64
		{60972BBF-6CF3-40B3-B8E8-0DEAFEFBCD2C}.Release|x64.Build.0 = Release|x64
		{60972BBF-6CF3-40B3-B8E8-0DEAFEFBCD2C}.Release|x86.ActiveCfg = Release|Win32
		{60972BBF-6CF3-40B3-B8E8-0DEAFEFBCD2C}.Release|x86.Build.0 = Release|Win32
		{60972BBF-6CF3-40B3-B8E8-0DEAFEFBCD2C}.RelWithDebInfo|x64.ActiveCfg = Release|x64
		{60972BBF-6CF3-40B3-B8E8-0DEAFEFBCD2C}.RelWithDebInfo|x64.Build.0 = Release|x64
		{60972BBF-6CF3-40B3-B8E8-0DEAFEFBCD2C}.RelWithDebInfo|x86.ActiveCfg = Release|Win32
		{60972BBF-6CF3-40B3-B8E8-0DEAFEFBCD2C}.RelWithDebInfo|x86.Build.0 = Release|Win32
		{E79A1B40-F873-4187-9C44-B602D748DBF0}.Debug|x64.ActiveCfg = Debug|x64
		{E79A1B40-F873-4187-9C44-B602D748DBF0}.Debug|x64.Build.0 = Debug|x64
		{E79A1B40-F873-4187-9C44-B602D748DBF0}.Debug|x86.ActiveCfg = Debug|Win32
		{E79A1B40-F873-4187-9C44-B602D748DBF0}.Debug|x86.Build.0 = Debug|Win32
		{E79A1B40-F873-4187-9C44-B602D748DBF0}.MinSizeRel|x64.ActiveCfg = Debug|x64
		{E79A1B40-F873-4187-9C44-B602D748DBF0}.MinSizeRel|x64.Build.0 = Debug|x64
		{E79A1B40-F873-4187-9C44-B602D748DBF0}.MinSizeRel|x86.ActiveCfg = Debug|Win32
		{E79A1B40-F873-4187-9C44-B602D748DBF0}.MinSizeRel|x86.Build.0 = Debug|Win32
		{E79A1B40-F873-4187-9C44-B602D748DBF0}.Release|x64.ActiveCfg = Release|x64
		{E79A1B40-F873-4187-9C44-B602D748DBF0}.Release|x64.Build.0 = Release|x64
		{E79A1B40-F873-4187-9C44-B602D748DBF0}.Release|x86.ActiveCfg = Release|Win32
		{E79A1B40-F873-4187-9C44-B602D748DBF0}.Release|x86.Build.0 = Release|Win32
		{E79A1B40-F873-4187-9C44-B602D748DBF0}.RelWithDebInfo|x64.ActiveCfg = Release|x64
		{E79A1B40-F873-4187-9C44-B602D748DBF0}.RelWithDebInfo|x64.Build.0 = Release|x64
		{E79A1B40-F873-4187-9C44-B602D748DBF0}.RelWithDebInfo|x86.ActiveCfg = Release|Win32
		{E79A1B40-F873-4187-9C44-B602D748DBF0}.RelWithDebInfo|x86.Build.0 = Release|Win32
	EndGlobalSection
	GlobalSection(SolutionProperties) = preSolution
		HideSolutionNode = FALSE
	EndGlobalSection
	GlobalSection(ExtensibilityGlobals) = postSolution
		SolutionGuid = {32238222-2652-428C-85D0-D664D495B272}
	EndGlobalSection
EndGlobal
